
Microsoft Visual Studio Solution File, Format Version 12.00
# Visual Studio Version 17
VisualStudioVersion = 17.2.32630.192
MinimumVisualStudioVersion = 10.0.40219.1
Project("{FAE04EC0-301F-11D3-BF4B-00C04F79EFBC}") = "Play.Catalog", "Play.Catalog\Play.Catalog.csproj", "{F38DE051-A8CD-4CD3-A240-CF8FACE1143B}"
EndProject
Global
	GlobalSection(SolutionConfigurationPlatforms) = preSolution
		Debug|Any CPU = Debug|Any CPU
		Release|Any CPU = Release|Any CPU
	EndGlobalSection
	GlobalSection(ProjectConfigurationPlatforms) = postSolution
		{F38DE051-A8CD-4CD3-A240-CF8FACE1143B}.Debug|Any CPU.ActiveCfg = Debug|Any CPU
		{F38DE051-A8CD-4CD3-A240-CF8FACE1143B}.Debug|Any CPU.Build.0 = Debug|Any CPU
		{F38DE051-A8CD-4CD3-A240-CF8FACE1143B}.Release|Any CPU.ActiveCfg = Release|Any CPU
		{F38DE051-A8CD-4CD3-A240-CF8FACE1143B}.Release|Any CPU.Build.0 = Release|Any CPU
	EndGlobalSection
	GlobalSection(SolutionProperties) = preSolution
		HideSolutionNode = FALSE
	EndGlobalSection
	GlobalSection(ExtensibilityGlobals) = postSolution
		SolutionGuid = {C1FCCAD1-2187-47FD-BF2D-96C3789F079B}
	EndGlobalSection
EndGlobal
